
Microsoft Visual Studio Solution File, Format Version 12.00
# Visual Studio Version 17
VisualStudioVersion = 17.9.34723.18
MinimumVisualStudioVersion = 10.0.40219.1
Project("{9A19103F-16F7-4668-BE54-9A1E7A4F7556}") = "NotificationManagement", "NotificationManagement\NotificationManagement.csproj", "{C86D9748-9EE4-43B2-81CB-FBD786B4F1DD}"
	ProjectSection(ProjectDependencies) = postProject
		{03CEB4A5-A07B-4AAA-8444-52C3E957EAC3} = {03CEB4A5-A07B-4AAA-8444-52C3E957EAC3}
		{FCD6CCF2-31D2-4A3E-844B-E508BBCDBD06} = {FCD6CCF2-31D2-4A3E-844B-E508BBCDBD06}
	EndProjectSection
EndProject
Project("{9A19103F-16F7-4668-BE54-9A1E7A4F7556}") = "PatientManagement", "PatientManagement\PatientManagement.csproj", "{4733C268-E465-4AB6-83AE-105EFE556AD2}"
EndProject
Project("{9A19103F-16F7-4668-BE54-9A1E7A4F7556}") = "MedicalManagement", "MedicalManagement\MedicalManagement.csproj", "{7DDCE361-E1B6-4DEB-A2B0-37E0E3BB0837}"
EndProject
Project("{9A19103F-16F7-4668-BE54-9A1E7A4F7556}") = "ThirdPartyManagement", "ThirdPartyManagement\ThirdPartyManagement.csproj", "{61D01710-6CF2-4333-9228-8514AB50F0F6}"
EndProject
Project("{9A19103F-16F7-4668-BE54-9A1E7A4F7556}") = "HelperRabbitMQ", "HelperRabbitMQ\HelperRabbitMQ.csproj", "{10B3A737-E761-4EB8-AA71-B2AE0DFF7300}"
EndProject
Project("{9A19103F-16F7-4668-BE54-9A1E7A4F7556}") = "HelperSQL", "HelperSQL\HelperSQL.csproj", "{E6F18AD9-D5D5-4B8C-AFBE-9E0FDFD93BE9}"
EndProject
Project("{9A19103F-16F7-4668-BE54-9A1E7A4F7556}") = "HelperSerialize", "HelperSerialize\HelperSerialize.csproj", "{730A1C23-9BF1-4C99-99EA-24FE3D63E533}"
EndProject
Project("{9A19103F-16F7-4668-BE54-9A1E7A4F7556}") = "HelperDecode", "HelperDecode\HelperDecode.csproj", "{6583303C-2728-4E9B-AAAC-71BF2986599A}"
EndProject
Project("{2150E333-8FDC-42A3-9474-1A3956D46DE8}") = "Helpers", "Helpers", "{46A7AF11-84D7-4D95-95E7-7437009B54BA}"
EndProject
Project("{2150E333-8FDC-42A3-9474-1A3956D46DE8}") = "API", "API", "{D5CA14E3-21DC-4877-AF9B-A3AF15453326}"
EndProject
Project("{9A19103F-16F7-4668-BE54-9A1E7A4F7556}") = "HelperModels", "HelperModels\HelperModels.csproj", "{85080113-103C-4918-9596-E675B6B15A38}"
EndProject
Project("{9A19103F-16F7-4668-BE54-9A1E7A4F7556}") = "HelperBusiness", "HelperBusiness\HelperBusiness.csproj", "{8153A943-A524-4E8E-B542-5FAEFEBDE6BE}"
EndProject
Project("{9A19103F-16F7-4668-BE54-9A1E7A4F7556}") = "AppointmentManagement", "AppointmentManagement\AppointmentManagement.csproj", "{FCD6CCF2-31D2-4A3E-844B-E508BBCDBD06}"
EndProject
Project("{9A19103F-16F7-4668-BE54-9A1E7A4F7556}") = "AuthenticationAuthorization", "AuthenticationAuthorization\AuthenticationAuthorization.csproj", "{03CEB4A5-A07B-4AAA-8444-52C3E957EAC3}"
EndProject
Project("{9A19103F-16F7-4668-BE54-9A1E7A4F7556}") = "MedicalAppointmentManagement", "MedicalAppointmentManagement\MedicalAppointmentManagement.csproj", "{AB08E1AC-7FF0-497A-865E-8E805A33B8D5}"
EndProject
Project("{9A19103F-16F7-4668-BE54-9A1E7A4F7556}") = "UserManagement", "UserManagement\UserManagement.csproj", "{830ED3E2-AD0A-4753-892D-16A81A95E214}"
EndProject
Project("{9A19103F-16F7-4668-BE54-9A1E7A4F7556}") = "HelperData", "HelperData\HelperData.csproj", "{778A6AE7-0FA1-4AA4-AD6F-E12E6BB59C4B}"
EndProject
Project("{FAE04EC0-301F-11D3-BF4B-00C04F79EFBC}") = "HelperProcessMessage", "HelperProcessMessage\HelperProcessMessage.csproj", "{F823D037-756F-4994-9968-E6A39B026695}"
EndProject
Global
	GlobalSection(SolutionConfigurationPlatforms) = preSolution
		Debug|Any CPU = Debug|Any CPU
		Release|Any CPU = Release|Any CPU
	EndGlobalSection
	GlobalSection(ProjectConfigurationPlatforms) = postSolution
		{C86D9748-9EE4-43B2-81CB-FBD786B4F1DD}.Debug|Any CPU.ActiveCfg = Debug|Any CPU
		{C86D9748-9EE4-43B2-81CB-FBD786B4F1DD}.Debug|Any CPU.Build.0 = Debug|Any CPU
		{C86D9748-9EE4-43B2-81CB-FBD786B4F1DD}.Release|Any CPU.ActiveCfg = Release|Any CPU
		{C86D9748-9EE4-43B2-81CB-FBD786B4F1DD}.Release|Any CPU.Build.0 = Release|Any CPU
		{4733C268-E465-4AB6-83AE-105EFE556AD2}.Debug|Any CPU.ActiveCfg = Debug|Any CPU
		{4733C268-E465-4AB6-83AE-105EFE556AD2}.Debug|Any CPU.Build.0 = Debug|Any CPU
		{4733C268-E465-4AB6-83AE-105EFE556AD2}.Release|Any CPU.ActiveCfg = Release|Any CPU
		{4733C268-E465-4AB6-83AE-105EFE556AD2}.Release|Any CPU.Build.0 = Release|Any CPU
		{7DDCE361-E1B6-4DEB-A2B0-37E0E3BB0837}.Debug|Any CPU.ActiveCfg = Debug|Any CPU
		{7DDCE361-E1B6-4DEB-A2B0-37E0E3BB0837}.Debug|Any CPU.Build.0 = Debug|Any CPU
		{7DDCE361-E1B6-4DEB-A2B0-37E0E3BB0837}.Release|Any CPU.ActiveCfg = Release|Any CPU
		{7DDCE361-E1B6-4DEB-A2B0-37E0E3BB0837}.Release|Any CPU.Build.0 = Release|Any CPU
		{61D01710-6CF2-4333-9228-8514AB50F0F6}.Debug|Any CPU.ActiveCfg = Debug|Any CPU
		{61D01710-6CF2-4333-9228-8514AB50F0F6}.Debug|Any CPU.Build.0 = Debug|Any CPU
		{61D01710-6CF2-4333-9228-8514AB50F0F6}.Release|Any CPU.ActiveCfg = Release|Any CPU
		{61D01710-6CF2-4333-9228-8514AB50F0F6}.Release|Any CPU.Build.0 = Release|Any CPU
		{10B3A737-E761-4EB8-AA71-B2AE0DFF7300}.Debug|Any CPU.ActiveCfg = Debug|Any CPU
		{10B3A737-E761-4EB8-AA71-B2AE0DFF7300}.Debug|Any CPU.Build.0 = Debug|Any CPU
		{10B3A737-E761-4EB8-AA71-B2AE0DFF7300}.Release|Any CPU.ActiveCfg = Release|Any CPU
		{10B3A737-E761-4EB8-AA71-B2AE0DFF7300}.Release|Any CPU.Build.0 = Release|Any CPU
		{E6F18AD9-D5D5-4B8C-AFBE-9E0FDFD93BE9}.Debug|Any CPU.ActiveCfg = Debug|Any CPU
		{E6F18AD9-D5D5-4B8C-AFBE-9E0FDFD93BE9}.Debug|Any CPU.Build.0 = Debug|Any CPU
		{E6F18AD9-D5D5-4B8C-AFBE-9E0FDFD93BE9}.Release|Any CPU.ActiveCfg = Release|Any CPU
		{E6F18AD9-D5D5-4B8C-AFBE-9E0FDFD93BE9}.Release|Any CPU.Build.0 = Release|Any CPU
		{730A1C23-9BF1-4C99-99EA-24FE3D63E533}.Debug|Any CPU.ActiveCfg = Debug|Any CPU
		{730A1C23-9BF1-4C99-99EA-24FE3D63E533}.Debug|Any CPU.Build.0 = Debug|Any CPU
		{730A1C23-9BF1-4C99-99EA-24FE3D63E533}.Release|Any CPU.ActiveCfg = Release|Any CPU
		{730A1C23-9BF1-4C99-99EA-24FE3D63E533}.Release|Any CPU.Build.0 = Release|Any CPU
		{6583303C-2728-4E9B-AAAC-71BF2986599A}.Debug|Any CPU.ActiveCfg = Debug|Any CPU
		{6583303C-2728-4E9B-AAAC-71BF2986599A}.Debug|Any CPU.Build.0 = Debug|Any CPU
		{6583303C-2728-4E9B-AAAC-71BF2986599A}.Release|Any CPU.ActiveCfg = Release|Any CPU
		{6583303C-2728-4E9B-AAAC-71BF2986599A}.Release|Any CPU.Build.0 = Release|Any CPU
		{85080113-103C-4918-9596-E675B6B15A38}.Debug|Any CPU.ActiveCfg = Debug|Any CPU
		{85080113-103C-4918-9596-E675B6B15A38}.Debug|Any CPU.Build.0 = Debug|Any CPU
		{85080113-103C-4918-9596-E675B6B15A38}.Release|Any CPU.ActiveCfg = Release|Any CPU
		{85080113-103C-4918-9596-E675B6B15A38}.Release|Any CPU.Build.0 = Release|Any CPU
		{8153A943-A524-4E8E-B542-5FAEFEBDE6BE}.Debug|Any CPU.ActiveCfg = Debug|Any CPU
		{8153A943-A524-4E8E-B542-5FAEFEBDE6BE}.Debug|Any CPU.Build.0 = Debug|Any CPU
		{8153A943-A524-4E8E-B542-5FAEFEBDE6BE}.Release|Any CPU.ActiveCfg = Release|Any CPU
		{8153A943-A524-4E8E-B542-5FAEFEBDE6BE}.Release|Any CPU.Build.0 = Release|Any CPU
		{FCD6CCF2-31D2-4A3E-844B-E508BBCDBD06}.Debug|Any CPU.ActiveCfg = Debug|Any CPU
		{FCD6CCF2-31D2-4A3E-844B-E508BBCDBD06}.Debug|Any CPU.Build.0 = Debug|Any CPU
		{FCD6CCF2-31D2-4A3E-844B-E508BBCDBD06}.Release|Any CPU.ActiveCfg = Release|Any CPU
		{FCD6CCF2-31D2-4A3E-844B-E508BBCDBD06}.Release|Any CPU.Build.0 = Release|Any CPU
		{03CEB4A5-A07B-4AAA-8444-52C3E957EAC3}.Debug|Any CPU.ActiveCfg = Debug|Any CPU
		{03CEB4A5-A07B-4AAA-8444-52C3E957EAC3}.Debug|Any CPU.Build.0 = Debug|Any CPU
		{03CEB4A5-A07B-4AAA-8444-52C3E957EAC3}.Release|Any CPU.ActiveCfg = Release|Any CPU
		{03CEB4A5-A07B-4AAA-8444-52C3E957EAC3}.Release|Any CPU.Build.0 = Release|Any CPU
		{AB08E1AC-7FF0-497A-865E-8E805A33B8D5}.Debug|Any CPU.ActiveCfg = Debug|Any CPU
		{AB08E1AC-7FF0-497A-865E-8E805A33B8D5}.Debug|Any CPU.Build.0 = Debug|Any CPU
		{AB08E1AC-7FF0-497A-865E-8E805A33B8D5}.Release|Any CPU.ActiveCfg = Release|Any CPU
		{AB08E1AC-7FF0-497A-865E-8E805A33B8D5}.Release|Any CPU.Build.0 = Release|Any CPU
		{830ED3E2-AD0A-4753-892D-16A81A95E214}.Debug|Any CPU.ActiveCfg = Debug|Any CPU
		{830ED3E2-AD0A-4753-892D-16A81A95E214}.Debug|Any CPU.Build.0 = Debug|Any CPU
		{830ED3E2-AD0A-4753-892D-16A81A95E214}.Release|Any CPU.ActiveCfg = Release|Any CPU
		{830ED3E2-AD0A-4753-892D-16A81A95E214}.Release|Any CPU.Build.0 = Release|Any CPU
		{778A6AE7-0FA1-4AA4-AD6F-E12E6BB59C4B}.Debug|Any CPU.ActiveCfg = Debug|Any CPU
		{778A6AE7-0FA1-4AA4-AD6F-E12E6BB59C4B}.Debug|Any CPU.Build.0 = Debug|Any CPU
		{778A6AE7-0FA1-4AA4-AD6F-E12E6BB59C4B}.Release|Any CPU.ActiveCfg = Release|Any CPU
		{778A6AE7-0FA1-4AA4-AD6F-E12E6BB59C4B}.Release|Any CPU.Build.0 = Release|Any CPU
		{F823D037-756F-4994-9968-E6A39B026695}.Debug|Any CPU.ActiveCfg = Debug|Any CPU
		{F823D037-756F-4994-9968-E6A39B026695}.Debug|Any CPU.Build.0 = Debug|Any CPU
		{F823D037-756F-4994-9968-E6A39B026695}.Release|Any CPU.ActiveCfg = Release|Any CPU
		{F823D037-756F-4994-9968-E6A39B026695}.Release|Any CPU.Build.0 = Release|Any CPU
	EndGlobalSection
	GlobalSection(SolutionProperties) = preSolution
		HideSolutionNode = FALSE
	EndGlobalSection
	GlobalSection(NestedProjects) = preSolution
		{C86D9748-9EE4-43B2-81CB-FBD786B4F1DD} = {D5CA14E3-21DC-4877-AF9B-A3AF15453326}
		{4733C268-E465-4AB6-83AE-105EFE556AD2} = {D5CA14E3-21DC-4877-AF9B-A3AF15453326}
		{7DDCE361-E1B6-4DEB-A2B0-37E0E3BB0837} = {D5CA14E3-21DC-4877-AF9B-A3AF15453326}
		{61D01710-6CF2-4333-9228-8514AB50F0F6} = {D5CA14E3-21DC-4877-AF9B-A3AF15453326}
		{10B3A737-E761-4EB8-AA71-B2AE0DFF7300} = {46A7AF11-84D7-4D95-95E7-7437009B54BA}
		{E6F18AD9-D5D5-4B8C-AFBE-9E0FDFD93BE9} = {46A7AF11-84D7-4D95-95E7-7437009B54BA}
		{730A1C23-9BF1-4C99-99EA-24FE3D63E533} = {46A7AF11-84D7-4D95-95E7-7437009B54BA}
		{6583303C-2728-4E9B-AAAC-71BF2986599A} = {46A7AF11-84D7-4D95-95E7-7437009B54BA}
		{85080113-103C-4918-9596-E675B6B15A38} = {46A7AF11-84D7-4D95-95E7-7437009B54BA}
		{8153A943-A524-4E8E-B542-5FAEFEBDE6BE} = {46A7AF11-84D7-4D95-95E7-7437009B54BA}
		{FCD6CCF2-31D2-4A3E-844B-E508BBCDBD06} = {D5CA14E3-21DC-4877-AF9B-A3AF15453326}
		{03CEB4A5-A07B-4AAA-8444-52C3E957EAC3} = {D5CA14E3-21DC-4877-AF9B-A3AF15453326}
		{830ED3E2-AD0A-4753-892D-16A81A95E214} = {D5CA14E3-21DC-4877-AF9B-A3AF15453326}
		{778A6AE7-0FA1-4AA4-AD6F-E12E6BB59C4B} = {46A7AF11-84D7-4D95-95E7-7437009B54BA}
		{F823D037-756F-4994-9968-E6A39B026695} = {46A7AF11-84D7-4D95-95E7-7437009B54BA}
	EndGlobalSection
	GlobalSection(ExtensibilityGlobals) = postSolution
		SolutionGuid = {07117021-8B91-4E9F-881E-D8C54282FA9B}
	EndGlobalSection
EndGlobal
